
Microsoft Visual Studio Solution File, Format Version 12.00
# Visual Studio 15
VisualStudioVersion = 15.0.28010.2048
MinimumVisualStudioVersion = 10.0.40219.1
Project("{FAE04EC0-301F-11D3-BF4B-00C04F79EFBC}") = "Task2_TextHandler", "Task2_TextHandler\Task2_TextHandler.csproj", "{3B309509-973F-4A20-9198-28AB0E09D752}"
EndProject
Global
	GlobalSection(SolutionConfigurationPlatforms) = preSolution
		Debug|Any CPU = Debug|Any CPU
		Release|Any CPU = Release|Any CPU
	EndGlobalSection
	GlobalSection(ProjectConfigurationPlatforms) = postSolution
		{3B309509-973F-4A20-9198-28AB0E09D752}.Debug|Any CPU.ActiveCfg = Debug|Any CPU
		{3B309509-973F-4A20-9198-28AB0E09D752}.Debug|Any CPU.Build.0 = Debug|Any CPU
		{3B309509-973F-4A20-9198-28AB0E09D752}.Release|Any CPU.ActiveCfg = Release|Any CPU
		{3B309509-973F-4A20-9198-28AB0E09D752}.Release|Any CPU.Build.0 = Release|Any CPU
	EndGlobalSection
	GlobalSection(SolutionProperties) = preSolution
		HideSolutionNode = FALSE
	EndGlobalSection
	GlobalSection(ExtensibilityGlobals) = postSolution
		SolutionGuid = {A2E65FDD-E755-4668-8342-05D66376F209}
	EndGlobalSection
EndGlobal
